{
  "name": "demo",
  "version": "1.0.0",
  "lockfileVersion": 1,
  "requires": true,
  "dependencies": {
    "maheshpateabc": {
      "version": "1.0.0",
      "resolved": "https://registry.npmjs.org/maheshpateabc/-/maheshpateabc-1.0.0.tgz",
      "integrity": "sha512-P1j7uXGId82FghZJ9Pt3OJLFGLQkwMSn3OJQPJVeVnpc2vTgzlMbMMPQmEgZr5jQNaYymUvGs4Te9EqX3kX2pg=="
    }
  }
}
